
Microsoft Visual Studio Solution File, Format Version 12.00
# Visual Studio Version 17
VisualStudioVersion = 17.4.33213.308
MinimumVisualStudioVersion = 10.0.40219.1
Project("{FAE04EC0-301F-11D3-BF4B-00C04F79EFBC}") = "OOPFruits", "OOPFruits\OOPFruits.csproj", "{51D2EBA3-7FA9-49AA-B87E-AB9E00E42B87}"
EndProject
Global
	GlobalSection(SolutionConfigurationPlatforms) = preSolution
		Debug|Any CPU = Debug|Any CPU
		Release|Any CPU = Release|Any CPU
	EndGlobalSection
	GlobalSection(ProjectConfigurationPlatforms) = postSolution
		{51D2EBA3-7FA9-49AA-B87E-AB9E00E42B87}.Debug|Any CPU.ActiveCfg = Debug|Any CPU
		{51D2EBA3-7FA9-49AA-B87E-AB9E00E42B87}.Debug|Any CPU.Build.0 = Debug|Any CPU
		{51D2EBA3-7FA9-49AA-B87E-AB9E00E42B87}.Release|Any CPU.ActiveCfg = Release|Any CPU
		{51D2EBA3-7FA9-49AA-B87E-AB9E00E42B87}.Release|Any CPU.Build.0 = Release|Any CPU
	EndGlobalSection
	GlobalSection(SolutionProperties) = preSolution
		HideSolutionNode = FALSE
	EndGlobalSection
	GlobalSection(ExtensibilityGlobals) = postSolution
		SolutionGuid = {B7DD757D-45CB-4A38-B42E-9CEE288ECC3A}
	EndGlobalSection
EndGlobal
